
Microsoft Visual Studio Solution File, Format Version 12.00
# Visual Studio 15
VisualStudioVersion = 15.0.28307.102
MinimumVisualStudioVersion = 10.0.40219.1
Project("{8BC9CEB8-8B4A-11D0-8D11-00A0C91BC942}") = "Paint", "Paint\Paint.vcxproj", "{AF1A8768-2096-4325-9DF0-687C7C8A196C}"
EndProject
Project("{2150E333-8FDC-42A3-9474-1A3956D46DE8}") = "Instruments", "Instruments", "{7ACE8128-C32F-43ED-A433-C1666BD51CE6}"
EndProject
Project("{8BC9CEB8-8B4A-11D0-8D11-00A0C91BC942}") = "Brush", "Brush\Brush.vcxproj", "{7697A5F8-ED59-42EF-B2A8-F133915B0167}"
EndProject
Project("{8BC9CEB8-8B4A-11D0-8D11-00A0C91BC942}") = "Pencil", "Pencil\Pencil.vcxproj", "{36A4BF3F-44D9-4134-857C-BD8298923942}"
EndProject
Project("{8BC9CEB8-8B4A-11D0-8D11-00A0C91BC942}") = "Pixel", "Pixel\Pixel.vcxproj", "{0AC81B32-32A1-44C0-8D1D-0ED2E03498B9}"
EndProject
Project("{8BC9CEB8-8B4A-11D0-8D11-00A0C91BC942}") = "Contrast", "Contrast\Contrast.vcxproj", "{222E64BB-AC60-4BD8-B810-7D07B985D5BF}"
EndProject
Project("{8BC9CEB8-8B4A-11D0-8D11-00A0C91BC942}") = "Brightness", "Brightness\Brightness.vcxproj", "{BE4557D2-0C35-464C-B1C9-2D9C59E4CCB8}"
EndProject
Project("{8BC9CEB8-8B4A-11D0-8D11-00A0C91BC942}") = "BrightnessGraph", "BrightnessGraph\BrightnessGraph.vcxproj", "{73F4948B-7E5B-4627-9668-269FE2319D8B}"
EndProject
Global
	GlobalSection(SolutionConfigurationPlatforms) = preSolution
		Debug|x64 = Debug|x64
		Debug|x86 = Debug|x86
		Release|x64 = Release|x64
		Release|x86 = Release|x86
	EndGlobalSection
	GlobalSection(ProjectConfigurationPlatforms) = postSolution
		{AF1A8768-2096-4325-9DF0-687C7C8A196C}.Debug|x64.ActiveCfg = Debug|x64
		{AF1A8768-2096-4325-9DF0-687C7C8A196C}.Debug|x64.Build.0 = Debug|x64
		{AF1A8768-2096-4325-9DF0-687C7C8A196C}.Debug|x86.ActiveCfg = Debug|Win32
		{AF1A8768-2096-4325-9DF0-687C7C8A196C}.Debug|x86.Build.0 = Debug|Win32
		{AF1A8768-2096-4325-9DF0-687C7C8A196C}.Release|x64.ActiveCfg = Release|x64
		{AF1A8768-2096-4325-9DF0-687C7C8A196C}.Release|x64.Build.0 = Release|x64
		{AF1A8768-2096-4325-9DF0-687C7C8A196C}.Release|x86.ActiveCfg = Release|Win32
		{AF1A8768-2096-4325-9DF0-687C7C8A196C}.Release|x86.Build.0 = Release|Win32
		{7697A5F8-ED59-42EF-B2A8-F133915B0167}.Debug|x64.ActiveCfg = Debug|x64
		{7697A5F8-ED59-42EF-B2A8-F133915B0167}.Debug|x64.Build.0 = Debug|x64
		{7697A5F8-ED59-42EF-B2A8-F133915B0167}.Debug|x86.ActiveCfg = Debug|Win32
		{7697A5F8-ED59-42EF-B2A8-F133915B0167}.Debug|x86.Build.0 = Debug|Win32
		{7697A5F8-ED59-42EF-B2A8-F133915B0167}.Release|x64.ActiveCfg = Release|x64
		{7697A5F8-ED59-42EF-B2A8-F133915B0167}.Release|x64.Build.0 = Release|x64
		{7697A5F8-ED59-42EF-B2A8-F133915B0167}.Release|x86.ActiveCfg = Release|Win32
		{7697A5F8-ED59-42EF-B2A8-F133915B0167}.Release|x86.Build.0 = Release|Win32
		{36A4BF3F-44D9-4134-857C-BD8298923942}.Debug|x64.ActiveCfg = Debug|x64
		{36A4BF3F-44D9-4134-857C-BD8298923942}.Debug|x64.Build.0 = Debug|x64
		{36A4BF3F-44D9-4134-857C-BD8298923942}.Debug|x86.ActiveCfg = Debug|Win32
		{36A4BF3F-44D9-4134-857C-BD8298923942}.Debug|x86.Build.0 = Debug|Win32
		{36A4BF3F-44D9-4134-857C-BD8298923942}.Release|x64.ActiveCfg = Release|x64
		{36A4BF3F-44D9-4134-857C-BD8298923942}.Release|x64.Build.0 = Release|x64
		{36A4BF3F-44D9-4134-857C-BD8298923942}.Release|x86.ActiveCfg = Release|Win32
		{36A4BF3F-44D9-4134-857C-BD8298923942}.Release|x86.Build.0 = Release|Win32
		{0AC81B32-32A1-44C0-8D1D-0ED2E03498B9}.Debug|x64.ActiveCfg = Debug|x64
		{0AC81B32-32A1-44C0-8D1D-0ED2E03498B9}.Debug|x64.Build.0 = Debug|x64
		{0AC81B32-32A1-44C0-8D1D-0ED2E03498B9}.Debug|x86.ActiveCfg = Debug|Win32
		{0AC81B32-32A1-44C0-8D1D-0ED2E03498B9}.Debug|x86.Build.0 = Debug|Win32
		{0AC81B32-32A1-44C0-8D1D-0ED2E03498B9}.Release|x64.ActiveCfg = Release|x64
		{0AC81B32-32A1-44C0-8D1D-0ED2E03498B9}.Release|x64.Build.0 = Release|x64
		{0AC81B32-32A1-44C0-8D1D-0ED2E03498B9}.Release|x86.ActiveCfg = Release|Win32
		{0AC81B32-32A1-44C0-8D1D-0ED2E03498B9}.Release|x86.Build.0 = Release|Win32
		{222E64BB-AC60-4BD8-B810-7D07B985D5BF}.Debug|x64.ActiveCfg = Debug|x64
		{222E64BB-AC60-4BD8-B810-7D07B985D5BF}.Debug|x64.Build.0 = Debug|x64
		{222E64BB-AC60-4BD8-B810-7D07B985D5BF}.Debug|x86.ActiveCfg = Debug|Win32
		{222E64BB-AC60-4BD8-B810-7D07B985D5BF}.Debug|x86.Build.0 = Debug|Win32
		{222E64BB-AC60-4BD8-B810-7D07B985D5BF}.Release|x64.ActiveCfg = Release|x64
		{222E64BB-AC60-4BD8-B810-7D07B985D5BF}.Release|x64.Build.0 = Release|x64
		{222E64BB-AC60-4BD8-B810-7D07B985D5BF}.Release|x86.ActiveCfg = Release|Win32
		{222E64BB-AC60-4BD8-B810-7D07B985D5BF}.Release|x86.Build.0 = Release|Win32
		{BE4557D2-0C35-464C-B1C9-2D9C59E4CCB8}.Debug|x64.ActiveCfg = Debug|x64
		{BE4557D2-0C35-464C-B1C9-2D9C59E4CCB8}.Debug|x64.Build.0 = Debug|x64
		{BE4557D2-0C35-464C-B1C9-2D9C59E4CCB8}.Debug|x86.ActiveCfg = Debug|Win32
		{BE4557D2-0C35-464C-B1C9-2D9C59E4CCB8}.Debug|x86.Build.0 = Debug|Win32
		{BE4557D2-0C35-464C-B1C9-2D9C59E4CCB8}.Release|x64.ActiveCfg = Release|x64
		{BE4557D2-0C35-464C-B1C9-2D9C59E4CCB8}.Release|x64.Build.0 = Release|x64
		{BE4557D2-0C35-464C-B1C9-2D9C59E4CCB8}.Release|x86.ActiveCfg = Release|Win32
		{BE4557D2-0C35-464C-B1C9-2D9C59E4CCB8}.Release|x86.Build.0 = Release|Win32
		{73F4948B-7E5B-4627-9668-269FE2319D8B}.Debug|x64.ActiveCfg = Debug|x64
		{73F4948B-7E5B-4627-9668-269FE2319D8B}.Debug|x64.Build.0 = Debug|x64
		{73F4948B-7E5B-4627-9668-269FE2319D8B}.Debug|x86.ActiveCfg = Debug|Win32
		{73F4948B-7E5B-4627-9668-269FE2319D8B}.Debug|x86.Build.0 = Debug|Win32
		{73F4948B-7E5B-4627-9668-269FE2319D8B}.Release|x64.ActiveCfg = Release|x64
		{73F4948B-7E5B-4627-9668-269FE2319D8B}.Release|x64.Build.0 = Release|x64
		{73F4948B-7E5B-4627-9668-269FE2319D8B}.Release|x86.ActiveCfg = Release|Win32
		{73F4948B-7E5B-4627-9668-269FE2319D8B}.Release|x86.Build.0 = Release|Win32
	EndGlobalSection
	GlobalSection(SolutionProperties) = preSolution
		HideSolutionNode = FALSE
	EndGlobalSection
	GlobalSection(NestedProjects) = preSolution
		{7697A5F8-ED59-42EF-B2A8-F133915B0167} = {7ACE8128-C32F-43ED-A433-C1666BD51CE6}
		{36A4BF3F-44D9-4134-857C-BD8298923942} = {7ACE8128-C32F-43ED-A433-C1666BD51CE6}
		{0AC81B32-32A1-44C0-8D1D-0ED2E03498B9} = {7ACE8128-C32F-43ED-A433-C1666BD51CE6}
		{222E64BB-AC60-4BD8-B810-7D07B985D5BF} = {7ACE8128-C32F-43ED-A433-C1666BD51CE6}
		{BE4557D2-0C35-464C-B1C9-2D9C59E4CCB8} = {7ACE8128-C32F-43ED-A433-C1666BD51CE6}
		{73F4948B-7E5B-4627-9668-269FE2319D8B} = {7ACE8128-C32F-43ED-A433-C1666BD51CE6}
	EndGlobalSection
	GlobalSection(ExtensibilityGlobals) = postSolution
		SolutionGuid = {698A4F07-2188-442D-9490-D9CDB92F6735}
	EndGlobalSection
EndGlobal
